
Microsoft Visual Studio Solution File, Format Version 12.00
# Visual Studio Version 17
VisualStudioVersion = 17.8.34525.116
MinimumVisualStudioVersion = 10.0.40219.1
Project("{9A19103F-16F7-4668-BE54-9A1E7A4F7556}") = "HashComputer", "HashComputer\HashComputer.csproj", "{6C0BC4AC-349E-4642-80A0-94ADC5F77D52}"
EndProject
Project("{9A19103F-16F7-4668-BE54-9A1E7A4F7556}") = "HashComputer.Backend", "HashComputer.Backend\HashComputer.Backend.csproj", "{86BF28C5-02EE-4E17-B029-6E2E69763FE4}"
EndProject
Project("{FAE04EC0-301F-11D3-BF4B-00C04F79EFBC}") = "HashComputer.Cli", "HashComputer.Cli\HashComputer.Cli.csproj", "{ED479931-1771-4BCD-A14B-FBB45A31510F}"
EndProject
Global
	GlobalSection(SolutionConfigurationPlatforms) = preSolution
		Debug|Any CPU = Debug|Any CPU
		Release|Any CPU = Release|Any CPU
	EndGlobalSection
	GlobalSection(ProjectConfigurationPlatforms) = postSolution
		{6C0BC4AC-349E-4642-80A0-94ADC5F77D52}.Debug|Any CPU.ActiveCfg = Debug|Any CPU
		{6C0BC4AC-349E-4642-80A0-94ADC5F77D52}.Debug|Any CPU.Build.0 = Debug|Any CPU
		{6C0BC4AC-349E-4642-80A0-94ADC5F77D52}.Release|Any CPU.ActiveCfg = Release|Any CPU
		{6C0BC4AC-349E-4642-80A0-94ADC5F77D52}.Release|Any CPU.Build.0 = Release|Any CPU
		{86BF28C5-02EE-4E17-B029-6E2E69763FE4}.Debug|Any CPU.ActiveCfg = Debug|Any CPU
		{86BF28C5-02EE-4E17-B029-6E2E69763FE4}.Debug|Any CPU.Build.0 = Debug|Any CPU
		{86BF28C5-02EE-4E17-B029-6E2E69763FE4}.Release|Any CPU.ActiveCfg = Release|Any CPU
		{86BF28C5-02EE-4E17-B029-6E2E69763FE4}.Release|Any CPU.Build.0 = Release|Any CPU
		{ED479931-1771-4BCD-A14B-FBB45A31510F}.Debug|Any CPU.ActiveCfg = Debug|Any CPU
		{ED479931-1771-4BCD-A14B-FBB45A31510F}.Debug|Any CPU.Build.0 = Debug|Any CPU
		{ED479931-1771-4BCD-A14B-FBB45A31510F}.Release|Any CPU.ActiveCfg = Release|Any CPU
		{ED479931-1771-4BCD-A14B-FBB45A31510F}.Release|Any CPU.Build.0 = Release|Any CPU
	EndGlobalSection
	GlobalSection(SolutionProperties) = preSolution
		HideSolutionNode = FALSE
	EndGlobalSection
	GlobalSection(ExtensibilityGlobals) = postSolution
		SolutionGuid = {1127E673-3989-467B-9668-9118A16EE105}
	EndGlobalSection
EndGlobal
